{
    "name": "langs-bench-dijkstra",
    "version": "1.0.0",
    "lockfileVersion": 1,
    "requires": true,
    "dependencies": {
        "csv": {
            "version": "5.5.3",
            "resolved": "https://registry.npmjs.org/csv/-/csv-5.5.3.tgz",
            "integrity": "sha512-QTaY0XjjhTQOdguARF0lGKm5/mEq9PD9/VhZZegHDIBq2tQwgNpHc3dneD4mGo2iJs+fTKv5Bp0fZ+BRuY3Z0g==",
            "requires": {
                "csv-generate": "^3.4.3",
                "csv-parse": "^4.16.3",
                "csv-stringify": "^5.6.5",
                "stream-transform": "^2.1.3"
            }
        },
        "csv-generate": {
            "version": "3.4.3",
            "resolved": "https://registry.npmjs.org/csv-generate/-/csv-generate-3.4.3.tgz",
            "integrity": "sha512-w/T+rqR0vwvHqWs/1ZyMDWtHHSJaN06klRqJXBEpDJaM/+dZkso0OKh1VcuuYvK3XM53KysVNq8Ko/epCK8wOw=="
        },
        "csv-parse": {
            "version": "4.16.3",
            "resolved": "https://registry.npmjs.org/csv-parse/-/csv-parse-4.16.3.tgz",
            "integrity": "sha512-cO1I/zmz4w2dcKHVvpCr7JVRu8/FymG5OEpmvsZYlccYolPBLoVGKUHgNoc4ZGkFeFlWGEDmMyBM+TTqRdW/wg=="
        },
        "csv-stringify": {
            "version": "5.6.5",
            "resolved": "https://registry.npmjs.org/csv-stringify/-/csv-stringify-5.6.5.tgz",
            "integrity": "sha512-PjiQ659aQ+fUTQqSrd1XEDnOr52jh30RBurfzkscaE2tPaFsDH5wOAHJiw8XAHphRknCwMUE9KRayc4K/NbO8A=="
        },
        "mixme": {
            "version": "0.5.3",
            "resolved": "https://registry.npmjs.org/mixme/-/mixme-0.5.3.tgz",
            "integrity": "sha512-nD6vsvdlby6aU6U90zP77JBn8FkKUb4YDoatb5RvI0N2kxP3C+MOUqtypf/BtQMnVtrXshb//DOU4O8cjWw+Ow=="
        },
        "stream-transform": {
            "version": "2.1.3",
            "resolved": "https://registry.npmjs.org/stream-transform/-/stream-transform-2.1.3.tgz",
            "integrity": "sha512-9GHUiM5hMiCi6Y03jD2ARC1ettBXkQBoQAe7nJsPknnI0ow10aXjTnew8QtYQmLjzn974BnmWEAJgCY6ZP1DeQ==",
            "requires": {
                "mixme": "^0.5.1"
            }
        }
    }
}
